{
  "name": "RNBleKit",
  "version": "1.0.0",
  "lockfileVersion": 1,
  "requires": true,
  "dependencies": {
    "base64-js": {
      "version": "1.3.0",
      "resolved": "http://registry.npm.taobao.org/base64-js/download/base64-js-1.3.0.tgz",
      "integrity": "sha1-yrHmEY8FEJXli1KBrqjBzSK/wOM="
    },
    "buffer": {
      "version": "5.2.1",
      "resolved": "http://registry.npm.taobao.org/buffer/download/buffer-5.2.1.tgz",
      "integrity": "sha1-3Vf6DxCaxZxgJHkETcp7iz0LcdY=",
      "requires": {
        "base64-js": "1.3.0",
        "ieee754": "1.1.13"
      }
    },
    "convert-string": {
      "version": "0.1.0",
      "resolved": "http://registry.npm.taobao.org/convert-string/download/convert-string-0.1.0.tgz",
      "integrity": "sha1-ec5BqbsNA7z3LNxqjzxW+7xkQQo="
    },
    "ieee754": {
      "version": "1.1.13",
      "resolved": "http://registry.npm.taobao.org/ieee754/download/ieee754-1.1.13.tgz",
      "integrity": "sha1-7BaFWOlaoYH9h9N/VcMrvLZwi4Q="
    },
    "react-native-ble-manager": {
      "version": "6.6.0",
      "resolved": "https://registry.npm.taobao.org/react-native-ble-manager/download/react-native-ble-manager-6.6.0.tgz",
      "integrity": "sha1-UGAn/EecgXwGZa4t0wK1pQ8Z/uQ="
    }
  }
}
